{
  "name": "clase4",
  "version": "1.0.0",
  "lockfileVersion": 1,
  "requires": true,
  "dependencies": {
    "accepts": {
      "version": "http://nexus01pr.aws.almundo.it:8081/repository/npm-all/accepts/-/accepts-1.3.5.tgz",
      "integrity": "sha1-63d99gEXI6OxTopywIBcjoZ0a9I=",
      "requires": {
        "mime-types": "http://nexus01pr.aws.almundo.it:8081/repository/npm-all/mime-types/-/mime-types-2.1.18.tgz",
        "negotiator": "http://nexus01pr.aws.almundo.it:8081/repository/npm-all/negotiator/-/negotiator-0.6.1.tgz"
      }
    },
    "ansi-styles": {
      "version": "http://nexus01pr.aws.almundo.it:8081/repository/npm-all/ansi-styles/-/ansi-styles-1.0.0.tgz",
      "integrity": "sha1-yxAt8cVvUSPquLZ817mAJ6AnkXg="
    },
    "array-flatten": {
      "version": "http://nexus01pr.aws.almundo.it:8081/repository/npm-all/array-flatten/-/array-flatten-1.1.1.tgz",
      "integrity": "sha1-ml9pkFGx5wczKPKgCJaLZOopVdI="
    },
    "async": {
      "version": "http://nexus01pr.aws.almundo.it:8081/repository/npm-all/async/-/async-2.1.4.tgz",
      "integrity": "sha1-LSFgx3iAMuTdbL4lAvH5osj2zeQ=",
      "requires": {
        "lodash": "http://nexus01pr.aws.almundo.it:8081/repository/npm-all/lodash/-/lodash-4.17.5.tgz"
      }
    },
    "balanced-match": {
      "version": "http://nexus01pr.aws.almundo.it:8081/repository/npm-all/balanced-match/-/balanced-match-1.0.0.tgz",
      "integrity": "sha1-ibTRmasr7kneFk6gK4nORi1xt2c="
    },
    "bluebird": {
      "version": "https://registry.npmjs.org/bluebird/-/bluebird-3.5.0.tgz",
      "integrity": "sha1-eRQg1/VR7qKJdFOop3ZT+WYG1nw="
    },
    "body-parser": {
      "version": "http://nexus01pr.aws.almundo.it:8081/repository/npm-all/body-parser/-/body-parser-1.18.2.tgz",
      "integrity": "sha1-h2eKGdhLR9hZuDGZvVm84iKxBFQ=",
      "requires": {
        "bytes": "http://nexus01pr.aws.almundo.it:8081/repository/npm-all/bytes/-/bytes-3.0.0.tgz",
        "content-type": "http://nexus01pr.aws.almundo.it:8081/repository/npm-all/content-type/-/content-type-1.0.4.tgz",
        "debug": "http://nexus01pr.aws.almundo.it:8081/repository/npm-all/debug/-/debug-2.6.9.tgz",
        "depd": "http://nexus01pr.aws.almundo.it:8081/repository/npm-all/depd/-/depd-1.1.2.tgz",
        "http-errors": "http://nexus01pr.aws.almundo.it:8081/repository/npm-all/http-errors/-/http-errors-1.6.3.tgz",
        "iconv-lite": "http://nexus01pr.aws.almundo.it:8081/repository/npm-all/iconv-lite/-/iconv-lite-0.4.19.tgz",
        "on-finished": "http://nexus01pr.aws.almundo.it:8081/repository/npm-all/on-finished/-/on-finished-2.3.0.tgz",
        "qs": "http://nexus01pr.aws.almundo.it:8081/repository/npm-all/qs/-/qs-6.5.1.tgz",
        "raw-body": "http://nexus01pr.aws.almundo.it:8081/repository/npm-all/raw-body/-/raw-body-2.3.2.tgz",
        "type-is": "http://nexus01pr.aws.almundo.it:8081/repository/npm-all/type-is/-/type-is-1.6.16.tgz"
      }
    },
    "brace-expansion": {
      "version": "http://nexus01pr.aws.almundo.it:8081/repository/npm-all/brace-expansion/-/brace-expansion-1.1.11.tgz",
      "integrity": "sha1-PH/L9SnYcibz0vUrlm/1Jx60Qd0=",
      "requires": {
        "balanced-match": "http://nexus01pr.aws.almundo.it:8081/repository/npm-all/balanced-match/-/balanced-match-1.0.0.tgz",
        "concat-map": "https://registry.npmjs.org/concat-map/-/concat-map-0.0.1.tgz"
      }
    },
    "bson": {
      "version": "http://nexus01pr.aws.almundo.it:8081/repository/npm-all/bson/-/bson-1.0.6.tgz",
      "integrity": "sha1-RE21nd1MJPDLBjqr3FyMewzsqRI="
    },
    "bytes": {
      "version": "http://nexus01pr.aws.almundo.it:8081/repository/npm-all/bytes/-/bytes-3.0.0.tgz",
      "integrity": "sha1-0ygVQE1olpn4Wk6k+odV3ROpYEg="
    },
    "chalk": {
      "version": "http://nexus01pr.aws.almundo.it:8081/repository/npm-all/chalk/-/chalk-0.4.0.tgz",
      "integrity": "sha1-UZmj3c0MHv4jvAjBsCewYXbgxk8=",
      "requires": {
        "ansi-styles": "http://nexus01pr.aws.almundo.it:8081/repository/npm-all/ansi-styles/-/ansi-styles-1.0.0.tgz",
        "has-color": "http://nexus01pr.aws.almundo.it:8081/repository/npm-all/has-color/-/has-color-0.1.7.tgz",
        "strip-ansi": "http://nexus01pr.aws.almundo.it:8081/repository/npm-all/strip-ansi/-/strip-ansi-0.1.1.tgz"
      }
    },
    "colors": {
      "version": "http://nexus01pr.aws.almundo.it:8081/repository/npm-all/colors/-/colors-1.0.3.tgz",
      "integrity": "sha1-BDP0TYCWgP3rYO0mDxsMJi6CpAs="
    },
    "concat-map": {
      "version": "https://registry.npmjs.org/concat-map/-/concat-map-0.0.1.tgz",
      "integrity": "sha1-2Klr13/Wjfd5OnMDajug1UBdR3s="
    },
    "content-disposition": {
      "version": "http://nexus01pr.aws.almundo.it:8081/repository/npm-all/content-disposition/-/content-disposition-0.5.2.tgz",
      "integrity": "sha1-DPaLud318r55YcOoUXjLhdunjLQ="
    },
    "content-type": {
      "version": "http://nexus01pr.aws.almundo.it:8081/repository/npm-all/content-type/-/content-type-1.0.4.tgz",
      "integrity": "sha1-4TjMdeBAxyexlm/l5fjJruJW/js="
    },
    "cookie": {
      "version": "http://nexus01pr.aws.almundo.it:8081/repository/npm-all/cookie/-/cookie-0.3.1.tgz",
      "integrity": "sha1-5+Ch+e9DtMi6klxcWpboBtFoc7s="
    },
    "cookie-signature": {
      "version": "http://nexus01pr.aws.almundo.it:8081/repository/npm-all/cookie-signature/-/cookie-signature-1.0.6.tgz",
      "integrity": "sha1-4wOogrNCzD7oylE6eZmXNNqzriw="
    },
    "cycle": {
      "version": "http://nexus01pr.aws.almundo.it:8081/repository/npm-all/cycle/-/cycle-1.0.3.tgz",
      "integrity": "sha1-IegLK+hYD5i0aPN5QwZisEbDStI="
    },
    "debug": {
      "version": "http://nexus01pr.aws.almundo.it:8081/repository/npm-all/debug/-/debug-2.6.9.tgz",
      "integrity": "sha1-XRKFFd8TT/Mn6QpMk/Tgd6U2NB8=",
      "requires": {
        "ms": "https://registry.npmjs.org/ms/-/ms-2.0.0.tgz"
      }
    },
    "depd": {
      "version": "http://nexus01pr.aws.almundo.it:8081/repository/npm-all/depd/-/depd-1.1.2.tgz",
      "integrity": "sha1-m81S4UwJd2PnSbJ0xDRu0uVgtak="
    },
    "destroy": {
      "version": "http://nexus01pr.aws.almundo.it:8081/repository/npm-all/destroy/-/destroy-1.0.4.tgz",
      "integrity": "sha1-l4hXRCxEdJ5CBmE+N5RiBYJqvYA="
    },
    "ee-first": {
      "version": "http://nexus01pr.aws.almundo.it:8081/repository/npm-all/ee-first/-/ee-first-1.1.1.tgz",
      "integrity": "sha1-WQxhFWsK4vTwJVcyoViyZrxWsh0="
    },
    "encodeurl": {
      "version": "http://nexus01pr.aws.almundo.it:8081/repository/npm-all/encodeurl/-/encodeurl-1.0.2.tgz",
      "integrity": "sha1-rT/0yG7C0CkyL1oCw6mmBslbP1k="
    },
    "escape-html": {
      "version": "https://registry.npmjs.org/escape-html/-/escape-html-1.0.3.tgz",
      "integrity": "sha1-Aljq5NPQwJdN4cFpGI7wBR0dGYg="
    },
    "etag": {
      "version": "http://nexus01pr.aws.almundo.it:8081/repository/npm-all/etag/-/etag-1.8.1.tgz",
      "integrity": "sha1-Qa4u62XvpiJorr/qg6x9eSmbCIc="
    },
    "express": {
      "version": "http://nexus01pr.aws.almundo.it:8081/repository/npm-all/express/-/express-4.16.3.tgz",
      "integrity": "sha1-avilAjUNsyRuzEvs9rWjTSL37VM=",
      "requires": {
        "accepts": "http://nexus01pr.aws.almundo.it:8081/repository/npm-all/accepts/-/accepts-1.3.5.tgz",
        "array-flatten": "http://nexus01pr.aws.almundo.it:8081/repository/npm-all/array-flatten/-/array-flatten-1.1.1.tgz",
        "body-parser": "http://nexus01pr.aws.almundo.it:8081/repository/npm-all/body-parser/-/body-parser-1.18.2.tgz",
        "content-disposition": "http://nexus01pr.aws.almundo.it:8081/repository/npm-all/content-disposition/-/content-disposition-0.5.2.tgz",
        "content-type": "http://nexus01pr.aws.almundo.it:8081/repository/npm-all/content-type/-/content-type-1.0.4.tgz",
        "cookie": "http://nexus01pr.aws.almundo.it:8081/repository/npm-all/cookie/-/cookie-0.3.1.tgz",
        "cookie-signature": "http://nexus01pr.aws.almundo.it:8081/repository/npm-all/cookie-signature/-/cookie-signature-1.0.6.tgz",
        "debug": "http://nexus01pr.aws.almundo.it:8081/repository/npm-all/debug/-/debug-2.6.9.tgz",
        "depd": "http://nexus01pr.aws.almundo.it:8081/repository/npm-all/depd/-/depd-1.1.2.tgz",
        "encodeurl": "http://nexus01pr.aws.almundo.it:8081/repository/npm-all/encodeurl/-/encodeurl-1.0.2.tgz",
        "escape-html": "https://registry.npmjs.org/escape-html/-/escape-html-1.0.3.tgz",
        "etag": "http://nexus01pr.aws.almundo.it:8081/repository/npm-all/etag/-/etag-1.8.1.tgz",
        "finalhandler": "http://nexus01pr.aws.almundo.it:8081/repository/npm-all/finalhandler/-/finalhandler-1.1.1.tgz",
        "fresh": "http://nexus01pr.aws.almundo.it:8081/repository/npm-all/fresh/-/fresh-0.5.2.tgz",
        "merge-descriptors": "http://nexus01pr.aws.almundo.it:8081/repository/npm-all/merge-descriptors/-/merge-descriptors-1.0.1.tgz",
        "methods": "http://nexus01pr.aws.almundo.it:8081/repository/npm-all/methods/-/methods-1.1.2.tgz",
        "on-finished": "http://nexus01pr.aws.almundo.it:8081/repository/npm-all/on-finished/-/on-finished-2.3.0.tgz",
        "parseurl": "http://nexus01pr.aws.almundo.it:8081/repository/npm-all/parseurl/-/parseurl-1.3.2.tgz",
        "path-to-regexp": "http://nexus01pr.aws.almundo.it:8081/repository/npm-all/path-to-regexp/-/path-to-regexp-0.1.7.tgz",
        "proxy-addr": "http://nexus01pr.aws.almundo.it:8081/repository/npm-all/proxy-addr/-/proxy-addr-2.0.3.tgz",
        "qs": "http://nexus01pr.aws.almundo.it:8081/repository/npm-all/qs/-/qs-6.5.1.tgz",
        "range-parser": "http://nexus01pr.aws.almundo.it:8081/repository/npm-all/range-parser/-/range-parser-1.2.0.tgz",
        "safe-buffer": "http://nexus01pr.aws.almundo.it:8081/repository/npm-all/safe-buffer/-/safe-buffer-5.1.1.tgz",
        "send": "http://nexus01pr.aws.almundo.it:8081/repository/npm-all/send/-/send-0.16.2.tgz",
        "serve-static": "http://nexus01pr.aws.almundo.it:8081/repository/npm-all/serve-static/-/serve-static-1.13.2.tgz",
        "setprototypeof": "http://nexus01pr.aws.almundo.it:8081/repository/npm-all/setprototypeof/-/setprototypeof-1.1.0.tgz",
        "statuses": "http://nexus01pr.aws.almundo.it:8081/repository/npm-all/statuses/-/statuses-1.4.0.tgz",
        "type-is": "http://nexus01pr.aws.almundo.it:8081/repository/npm-all/type-is/-/type-is-1.6.16.tgz",
        "utils-merge": "http://nexus01pr.aws.almundo.it:8081/repository/npm-all/utils-merge/-/utils-merge-1.0.1.tgz",
        "vary": "http://nexus01pr.aws.almundo.it:8081/repository/npm-all/vary/-/vary-1.1.2.tgz"
      },
      "dependencies": {
        "statuses": {
          "version": "http://nexus01pr.aws.almundo.it:8081/repository/npm-all/statuses/-/statuses-1.4.0.tgz",
          "integrity": "sha1-u3PURtonlhBu/MG2AaJT1sRr0Ic="
        }
      }
    },
    "express-winston": {
      "version": "http://nexus01pr.aws.almundo.it:8081/repository/npm-all/express-winston/-/express-winston-2.5.0.tgz",
      "integrity": "sha1-r68AW2KtRGmwaS6iL3RaBqXrvq0=",
      "requires": {
        "chalk": "http://nexus01pr.aws.almundo.it:8081/repository/npm-all/chalk/-/chalk-0.4.0.tgz",
        "lodash": "http://nexus01pr.aws.almundo.it:8081/repository/npm-all/lodash/-/lodash-4.17.5.tgz"
      }
    },
    "eyes": {
      "version": "http://nexus01pr.aws.almundo.it:8081/repository/npm-all/eyes/-/eyes-0.1.8.tgz",
      "integrity": "sha1-Ys8SAjTGg3hdkCNIqADvPgzCC8A="
    },
    "finalhandler": {
      "version": "http://nexus01pr.aws.almundo.it:8081/repository/npm-all/finalhandler/-/finalhandler-1.1.1.tgz",
      "integrity": "sha1-7r9O2EAHnIP0JJA4ydcDAIMBsQU=",
      "requires": {
        "debug": "http://nexus01pr.aws.almundo.it:8081/repository/npm-all/debug/-/debug-2.6.9.tgz",
        "encodeurl": "http://nexus01pr.aws.almundo.it:8081/repository/npm-all/encodeurl/-/encodeurl-1.0.2.tgz",
        "escape-html": "https://registry.npmjs.org/escape-html/-/escape-html-1.0.3.tgz",
        "on-finished": "http://nexus01pr.aws.almundo.it:8081/repository/npm-all/on-finished/-/on-finished-2.3.0.tgz",
        "parseurl": "http://nexus01pr.aws.almundo.it:8081/repository/npm-all/parseurl/-/parseurl-1.3.2.tgz",
        "statuses": "http://nexus01pr.aws.almundo.it:8081/repository/npm-all/statuses/-/statuses-1.4.0.tgz",
        "unpipe": "http://nexus01pr.aws.almundo.it:8081/repository/npm-all/unpipe/-/unpipe-1.0.0.tgz"
      },
      "dependencies": {
        "statuses": {
          "version": "http://nexus01pr.aws.almundo.it:8081/repository/npm-all/statuses/-/statuses-1.4.0.tgz",
          "integrity": "sha1-u3PURtonlhBu/MG2AaJT1sRr0Ic="
        }
      }
    },
    "forwarded": {
      "version": "http://nexus01pr.aws.almundo.it:8081/repository/npm-all/forwarded/-/forwarded-0.1.2.tgz",
      "integrity": "sha1-mMI9qxF1ZXuMBXPozszZGw/xjIQ="
    },
    "fresh": {
      "version": "http://nexus01pr.aws.almundo.it:8081/repository/npm-all/fresh/-/fresh-0.5.2.tgz",
      "integrity": "sha1-PYyt2Q2XZWn6g1qx+OSyOhBWBac="
    },
    "fs.realpath": {
      "version": "https://registry.npmjs.org/fs.realpath/-/fs.realpath-1.0.0.tgz",
      "integrity": "sha1-FQStJSMVjKpA20onh8sBQRmU6k8="
    },
    "glob": {
      "version": "https://registry.npmjs.org/glob/-/glob-7.1.2.tgz",
      "integrity": "sha1-wZyd+aAocC1nhhI4SmVSQExjbRU=",
      "requires": {
        "fs.realpath": "https://registry.npmjs.org/fs.realpath/-/fs.realpath-1.0.0.tgz",
        "inflight": "https://registry.npmjs.org/inflight/-/inflight-1.0.6.tgz",
        "inherits": "https://registry.npmjs.org/inherits/-/inherits-2.0.3.tgz",
        "minimatch": "https://registry.npmjs.org/minimatch/-/minimatch-3.0.4.tgz",
        "once": "https://registry.npmjs.org/once/-/once-1.4.0.tgz",
        "path-is-absolute": "https://registry.npmjs.org/path-is-absolute/-/path-is-absolute-1.0.1.tgz"
      }
    },
    "has-color": {
      "version": "http://nexus01pr.aws.almundo.it:8081/repository/npm-all/has-color/-/has-color-0.1.7.tgz",
      "integrity": "sha1-ZxRKUmDDT8PMpnfQQdr1L+e3iy8="
    },
    "http-errors": {
      "version": "http://nexus01pr.aws.almundo.it:8081/repository/npm-all/http-errors/-/http-errors-1.6.3.tgz",
      "integrity": "sha1-i1VoC7S+KDoLW/TqLjhYC+HZMg0=",
      "requires": {
        "depd": "http://nexus01pr.aws.almundo.it:8081/repository/npm-all/depd/-/depd-1.1.2.tgz",
        "inherits": "https://registry.npmjs.org/inherits/-/inherits-2.0.3.tgz",
        "setprototypeof": "http://nexus01pr.aws.almundo.it:8081/repository/npm-all/setprototypeof/-/setprototypeof-1.1.0.tgz",
        "statuses": "http://nexus01pr.aws.almundo.it:8081/repository/npm-all/statuses/-/statuses-1.5.0.tgz"
      }
    },
    "iconv-lite": {
      "version": "http://nexus01pr.aws.almundo.it:8081/repository/npm-all/iconv-lite/-/iconv-lite-0.4.19.tgz",
      "integrity": "sha1-90aPYBNfXl2tM5nAqBvpoWA6CCs="
    },
    "inflight": {
      "version": "https://registry.npmjs.org/inflight/-/inflight-1.0.6.tgz",
      "integrity": "sha1-Sb1jMdfQLQwJvJEKEHW6gWW1bfk=",
      "requires": {
        "once": "https://registry.npmjs.org/once/-/once-1.4.0.tgz",
        "wrappy": "https://registry.npmjs.org/wrappy/-/wrappy-1.0.2.tgz"
      }
    },
    "inherits": {
      "version": "https://registry.npmjs.org/inherits/-/inherits-2.0.3.tgz",
      "integrity": "sha1-Yzwsg+PaQqUC9SRmAiSA9CCCYd4="
    },
    "ipaddr.js": {
      "version": "http://nexus01pr.aws.almundo.it:8081/repository/npm-all/ipaddr.js/-/ipaddr.js-1.6.0.tgz",
      "integrity": "sha1-4/o1e3c9phnybpXwSdBVxyeW+Gs="
    },
    "isstream": {
      "version": "https://registry.npmjs.org/isstream/-/isstream-0.1.2.tgz",
      "integrity": "sha1-R+Y/evVa+m+S4VAOaQ64uFKcCZo="
    },
    "kareem": {
      "version": "http://nexus01pr.aws.almundo.it:8081/repository/npm-all/kareem/-/kareem-2.0.6.tgz",
      "integrity": "sha1-AR7Vn9cYuxR8YxQaeZ/IiM1aIRs="
    },
    "lodash": {
      "version": "http://nexus01pr.aws.almundo.it:8081/repository/npm-all/lodash/-/lodash-4.17.5.tgz",
      "integrity": "sha1-maktZcAnLevoyWtgV7yPv6O+1RE="
    },
    "lodash.get": {
      "version": "http://nexus01pr.aws.almundo.it:8081/repository/npm-all/lodash.get/-/lodash.get-4.4.2.tgz",
      "integrity": "sha1-LRd/ZS+jHpObRDjVNBSZ36OCXpk="
    },
    "media-typer": {
      "version": "http://nexus01pr.aws.almundo.it:8081/repository/npm-all/media-typer/-/media-typer-0.3.0.tgz",
      "integrity": "sha1-hxDXrwqmJvj/+hzgAWhUUmMlV0g="
    },
    "merge-descriptors": {
      "version": "http://nexus01pr.aws.almundo.it:8081/repository/npm-all/merge-descriptors/-/merge-descriptors-1.0.1.tgz",
      "integrity": "sha1-sAqqVW3YtEVoFQ7J0blT8/kMu2E="
    },
    "methods": {
      "version": "http://nexus01pr.aws.almundo.it:8081/repository/npm-all/methods/-/methods-1.1.2.tgz",
      "integrity": "sha1-VSmk1nZUE07cxSZmVoNbD4Ua/O4="
    },
    "mime": {
      "version": "http://nexus01pr.aws.almundo.it:8081/repository/npm-all/mime/-/mime-1.4.1.tgz",
      "integrity": "sha1-Eh+evEnjdm8xGnbh+hyAA8SwOqY="
    },
    "mime-db": {
      "version": "http://nexus01pr.aws.almundo.it:8081/repository/npm-all/mime-db/-/mime-db-1.33.0.tgz",
      "integrity": "sha1-o0kgUKXLm2NFBUHjnZeI0icng9s="
    },
    "mime-types": {
      "version": "http://nexus01pr.aws.almundo.it:8081/repository/npm-all/mime-types/-/mime-types-2.1.18.tgz",
      "integrity": "sha1-bzI/YKg9ERRvgx/xH9ZuL+VQO7g=",
      "requires": {
        "mime-db": "http://nexus01pr.aws.almundo.it:8081/repository/npm-all/mime-db/-/mime-db-1.33.0.tgz"
      }
    },
    "minimatch": {
      "version": "https://registry.npmjs.org/minimatch/-/minimatch-3.0.4.tgz",
      "integrity": "sha1-UWbihkV/AzBgZL5Ul+jbsMPTIIM=",
      "requires": {
        "brace-expansion": "http://nexus01pr.aws.almundo.it:8081/repository/npm-all/brace-expansion/-/brace-expansion-1.1.11.tgz"
      }
    },
    "mongodb": {
      "version": "http://nexus01pr.aws.almundo.it:8081/repository/npm-all/mongodb/-/mongodb-3.0.4.tgz",
      "integrity": "sha1-7gwPe8Vl7cX0DuLSMXDlIqitIoY=",
      "requires": {
        "mongodb-core": "http://nexus01pr.aws.almundo.it:8081/repository/npm-all/mongodb-core/-/mongodb-core-3.0.4.tgz"
      }
    },
    "mongodb-core": {
      "version": "http://nexus01pr.aws.almundo.it:8081/repository/npm-all/mongodb-core/-/mongodb-core-3.0.4.tgz",
      "integrity": "sha1-o/30ZuaXovHfh+RY5eLfHCbMZUs=",
      "requires": {
        "bson": "http://nexus01pr.aws.almundo.it:8081/repository/npm-all/bson/-/bson-1.0.6.tgz",
        "require_optional": "http://nexus01pr.aws.almundo.it:8081/repository/npm-all/require_optional/-/require_optional-1.0.1.tgz"
      }
    },
    "mongoose": {
      "version": "http://nexus01pr.aws.almundo.it:8081/repository/npm-all/mongoose/-/mongoose-5.0.12.tgz",
      "integrity": "sha1-YIo4Kb8u2uR7AHjNGXDt4qAzs6A=",
      "requires": {
        "async": "http://nexus01pr.aws.almundo.it:8081/repository/npm-all/async/-/async-2.1.4.tgz",
        "bson": "http://nexus01pr.aws.almundo.it:8081/repository/npm-all/bson/-/bson-1.0.6.tgz",
        "kareem": "http://nexus01pr.aws.almundo.it:8081/repository/npm-all/kareem/-/kareem-2.0.6.tgz",
        "lodash.get": "http://nexus01pr.aws.almundo.it:8081/repository/npm-all/lodash.get/-/lodash.get-4.4.2.tgz",
        "mongodb": "http://nexus01pr.aws.almundo.it:8081/repository/npm-all/mongodb/-/mongodb-3.0.4.tgz",
        "mongoose-legacy-pluralize": "http://nexus01pr.aws.almundo.it:8081/repository/npm-all/mongoose-legacy-pluralize/-/mongoose-legacy-pluralize-1.0.2.tgz",
        "mpath": "http://nexus01pr.aws.almundo.it:8081/repository/npm-all/mpath/-/mpath-0.3.0.tgz",
        "mquery": "http://nexus01pr.aws.almundo.it:8081/repository/npm-all/mquery/-/mquery-3.0.0.tgz",
        "ms": "https://registry.npmjs.org/ms/-/ms-2.0.0.tgz",
        "regexp-clone": "http://nexus01pr.aws.almundo.it:8081/repository/npm-all/regexp-clone/-/regexp-clone-0.0.1.tgz",
        "sliced": "http://nexus01pr.aws.almundo.it:8081/repository/npm-all/sliced/-/sliced-1.0.1.tgz"
      }
    },
    "mongoose-legacy-pluralize": {
      "version": "http://nexus01pr.aws.almundo.it:8081/repository/npm-all/mongoose-legacy-pluralize/-/mongoose-legacy-pluralize-1.0.2.tgz",
      "integrity": "sha1-O6n5H6UHtRhtOZ+0CFS/8Y+1Y+Q="
    },
    "mpath": {
      "version": "http://nexus01pr.aws.almundo.it:8081/repository/npm-all/mpath/-/mpath-0.3.0.tgz",
      "integrity": "sha1-elj3iem1/TyUUgY0FXlg8mvV70Q="
    },
    "mquery": {
      "version": "http://nexus01pr.aws.almundo.it:8081/repository/npm-all/mquery/-/mquery-3.0.0.tgz",
      "integrity": "sha1-5fOH26vAubaYWeVQ6BD6q+DOq7A=",
      "requires": {
        "bluebird": "https://registry.npmjs.org/bluebird/-/bluebird-3.5.0.tgz",
        "debug": "http://nexus01pr.aws.almundo.it:8081/repository/npm-all/debug/-/debug-2.6.9.tgz",
        "regexp-clone": "http://nexus01pr.aws.almundo.it:8081/repository/npm-all/regexp-clone/-/regexp-clone-0.0.1.tgz",
        "sliced": "http://nexus01pr.aws.almundo.it:8081/repository/npm-all/sliced/-/sliced-0.0.5.tgz"
      },
      "dependencies": {
        "sliced": {
          "version": "http://nexus01pr.aws.almundo.it:8081/repository/npm-all/sliced/-/sliced-0.0.5.tgz",
          "integrity": "sha1-XtwETKTrb3gW1Qui/GPiXY/kcH8="
        }
      }
    },
    "ms": {
      "version": "https://registry.npmjs.org/ms/-/ms-2.0.0.tgz",
      "integrity": "sha1-VgiurfwAvmwpAd9fmGF4jeDVl8g="
    },
    "negotiator": {
      "version": "http://nexus01pr.aws.almundo.it:8081/repository/npm-all/negotiator/-/negotiator-0.6.1.tgz",
      "integrity": "sha1-KzJxhOiZIQEXeyhWP7XnECrNDKk="
    },
    "on-finished": {
      "version": "http://nexus01pr.aws.almundo.it:8081/repository/npm-all/on-finished/-/on-finished-2.3.0.tgz",
      "integrity": "sha1-IPEzZIGwg811M3mSoWlxqi2QaUc=",
      "requires": {
        "ee-first": "http://nexus01pr.aws.almundo.it:8081/repository/npm-all/ee-first/-/ee-first-1.1.1.tgz"
      }
    },
    "once": {
      "version": "https://registry.npmjs.org/once/-/once-1.4.0.tgz",
      "integrity": "sha1-WDsap3WWHUsROsF9nFC6753Xa9E=",
      "requires": {
        "wrappy": "https://registry.npmjs.org/wrappy/-/wrappy-1.0.2.tgz"
      }
    },
    "parseurl": {
      "version": "http://nexus01pr.aws.almundo.it:8081/repository/npm-all/parseurl/-/parseurl-1.3.2.tgz",
      "integrity": "sha1-/CidTtiZMRlGDBViUyYs3I3mW/M="
    },
    "path-is-absolute": {
      "version": "https://registry.npmjs.org/path-is-absolute/-/path-is-absolute-1.0.1.tgz",
      "integrity": "sha1-F0uSaHNVNP+8es5r9TpanhtcX18="
    },
    "path-to-regexp": {
      "version": "http://nexus01pr.aws.almundo.it:8081/repository/npm-all/path-to-regexp/-/path-to-regexp-0.1.7.tgz",
      "integrity": "sha1-32BBeABfUi8V60SQ5yR6G/qmf4w="
    },
    "proxy-addr": {
      "version": "http://nexus01pr.aws.almundo.it:8081/repository/npm-all/proxy-addr/-/proxy-addr-2.0.3.tgz",
      "integrity": "sha1-NV8mJQWmIWRrMTCnKOtkfiIFU0E=",
      "requires": {
        "forwarded": "http://nexus01pr.aws.almundo.it:8081/repository/npm-all/forwarded/-/forwarded-0.1.2.tgz",
        "ipaddr.js": "http://nexus01pr.aws.almundo.it:8081/repository/npm-all/ipaddr.js/-/ipaddr.js-1.6.0.tgz"
      }
    },
    "qs": {
      "version": "http://nexus01pr.aws.almundo.it:8081/repository/npm-all/qs/-/qs-6.5.1.tgz",
      "integrity": "sha1-NJzfbu+J7EXBLX1es/wMhwNDptg="
    },
    "range-parser": {
      "version": "http://nexus01pr.aws.almundo.it:8081/repository/npm-all/range-parser/-/range-parser-1.2.0.tgz",
      "integrity": "sha1-9JvmtIeJTdxA3MlKMi9hEJLgDV4="
    },
    "raw-body": {
      "version": "http://nexus01pr.aws.almundo.it:8081/repository/npm-all/raw-body/-/raw-body-2.3.2.tgz",
      "integrity": "sha1-vNYMd9Prk83gBQKVw/N5OJvIj4k=",
      "requires": {
        "bytes": "http://nexus01pr.aws.almundo.it:8081/repository/npm-all/bytes/-/bytes-3.0.0.tgz",
        "http-errors": "http://nexus01pr.aws.almundo.it:8081/repository/npm-all/http-errors/-/http-errors-1.6.2.tgz",
        "iconv-lite": "http://nexus01pr.aws.almundo.it:8081/repository/npm-all/iconv-lite/-/iconv-lite-0.4.19.tgz",
        "unpipe": "http://nexus01pr.aws.almundo.it:8081/repository/npm-all/unpipe/-/unpipe-1.0.0.tgz"
      },
      "dependencies": {
        "depd": {
          "version": "http://nexus01pr.aws.almundo.it:8081/repository/npm-all/depd/-/depd-1.1.1.tgz",
          "integrity": "sha1-V4O04cRZ8G+lyif5kfPQbnoxA1k="
        },
        "http-errors": {
          "version": "http://nexus01pr.aws.almundo.it:8081/repository/npm-all/http-errors/-/http-errors-1.6.2.tgz",
          "integrity": "sha1-CgAsyFcHGSp+eUbO7cERVfYOxzY=",
          "requires": {
            "depd": "http://nexus01pr.aws.almundo.it:8081/repository/npm-all/depd/-/depd-1.1.1.tgz",
            "inherits": "https://registry.npmjs.org/inherits/-/inherits-2.0.3.tgz",
            "setprototypeof": "http://nexus01pr.aws.almundo.it:8081/repository/npm-all/setprototypeof/-/setprototypeof-1.0.3.tgz",
            "statuses": "http://nexus01pr.aws.almundo.it:8081/repository/npm-all/statuses/-/statuses-1.5.0.tgz"
          }
        },
        "setprototypeof": {
          "version": "http://nexus01pr.aws.almundo.it:8081/repository/npm-all/setprototypeof/-/setprototypeof-1.0.3.tgz",
          "integrity": "sha1-ZlZ+NwQ+608E2RvWWMDL77VbjgQ="
        }
      }
    },
    "regexp-clone": {
      "version": "http://nexus01pr.aws.almundo.it:8081/repository/npm-all/regexp-clone/-/regexp-clone-0.0.1.tgz",
      "integrity": "sha1-p8LgmJH9vzj7sQ03b7cwA+aKxYk="
    },
    "require_optional": {
      "version": "http://nexus01pr.aws.almundo.it:8081/repository/npm-all/require_optional/-/require_optional-1.0.1.tgz",
      "integrity": "sha1-TPNaQkf2TKPfjC7yCMxJSxyo/C4=",
      "requires": {
        "resolve-from": "http://nexus01pr.aws.almundo.it:8081/repository/npm-all/resolve-from/-/resolve-from-2.0.0.tgz",
        "semver": "http://nexus01pr.aws.almundo.it:8081/repository/npm-all/semver/-/semver-5.5.0.tgz"
      }
    },
    "resolve-from": {
      "version": "http://nexus01pr.aws.almundo.it:8081/repository/npm-all/resolve-from/-/resolve-from-2.0.0.tgz",
      "integrity": "sha1-lICrIOlP+h2egKgEx+oUdhGWa1c="
    },
    "safe-buffer": {
      "version": "http://nexus01pr.aws.almundo.it:8081/repository/npm-all/safe-buffer/-/safe-buffer-5.1.1.tgz",
      "integrity": "sha1-iTMSr2myEj3vcfV4iQAWce6yyFM="
    },
    "semver": {
      "version": "http://nexus01pr.aws.almundo.it:8081/repository/npm-all/semver/-/semver-5.5.0.tgz",
      "integrity": "sha1-3Eu8emyp2Rbe5dQ1FvAJK1j3uKs="
    },
    "send": {
      "version": "http://nexus01pr.aws.almundo.it:8081/repository/npm-all/send/-/send-0.16.2.tgz",
      "integrity": "sha1-bsyh4PjBVtFBWXVZhI32RzCmu8E=",
      "requires": {
        "debug": "http://nexus01pr.aws.almundo.it:8081/repository/npm-all/debug/-/debug-2.6.9.tgz",
        "depd": "http://nexus01pr.aws.almundo.it:8081/repository/npm-all/depd/-/depd-1.1.2.tgz",
        "destroy": "http://nexus01pr.aws.almundo.it:8081/repository/npm-all/destroy/-/destroy-1.0.4.tgz",
        "encodeurl": "http://nexus01pr.aws.almundo.it:8081/repository/npm-all/encodeurl/-/encodeurl-1.0.2.tgz",
        "escape-html": "https://registry.npmjs.org/escape-html/-/escape-html-1.0.3.tgz",
        "etag": "http://nexus01pr.aws.almundo.it:8081/repository/npm-all/etag/-/etag-1.8.1.tgz",
        "fresh": "http://nexus01pr.aws.almundo.it:8081/repository/npm-all/fresh/-/fresh-0.5.2.tgz",
        "http-errors": "http://nexus01pr.aws.almundo.it:8081/repository/npm-all/http-errors/-/http-errors-1.6.3.tgz",
        "mime": "http://nexus01pr.aws.almundo.it:8081/repository/npm-all/mime/-/mime-1.4.1.tgz",
        "ms": "https://registry.npmjs.org/ms/-/ms-2.0.0.tgz",
        "on-finished": "http://nexus01pr.aws.almundo.it:8081/repository/npm-all/on-finished/-/on-finished-2.3.0.tgz",
        "range-parser": "http://nexus01pr.aws.almundo.it:8081/repository/npm-all/range-parser/-/range-parser-1.2.0.tgz",
        "statuses": "http://nexus01pr.aws.almundo.it:8081/repository/npm-all/statuses/-/statuses-1.4.0.tgz"
      },
      "dependencies": {
        "statuses": {
          "version": "http://nexus01pr.aws.almundo.it:8081/repository/npm-all/statuses/-/statuses-1.4.0.tgz",
          "integrity": "sha1-u3PURtonlhBu/MG2AaJT1sRr0Ic="
        }
      }
    },
    "serve-static": {
      "version": "http://nexus01pr.aws.almundo.it:8081/repository/npm-all/serve-static/-/serve-static-1.13.2.tgz",
      "integrity": "sha1-CV6Ecv1bRiN9tQzkhqQ/S4bGzsE=",
      "requires": {
        "encodeurl": "http://nexus01pr.aws.almundo.it:8081/repository/npm-all/encodeurl/-/encodeurl-1.0.2.tgz",
        "escape-html": "https://registry.npmjs.org/escape-html/-/escape-html-1.0.3.tgz",
        "parseurl": "http://nexus01pr.aws.almundo.it:8081/repository/npm-all/parseurl/-/parseurl-1.3.2.tgz",
        "send": "http://nexus01pr.aws.almundo.it:8081/repository/npm-all/send/-/send-0.16.2.tgz"
      }
    },
    "setprototypeof": {
      "version": "http://nexus01pr.aws.almundo.it:8081/repository/npm-all/setprototypeof/-/setprototypeof-1.1.0.tgz",
      "integrity": "sha1-0L2FU2iHtv58DYGMuWLZ2RxU5lY="
    },
    "sliced": {
      "version": "http://nexus01pr.aws.almundo.it:8081/repository/npm-all/sliced/-/sliced-1.0.1.tgz",
      "integrity": "sha1-CzpmK10Ewxd7GSa+qCsD+Dei70E="
    },
    "stack-trace": {
      "version": "http://nexus01pr.aws.almundo.it:8081/repository/npm-all/stack-trace/-/stack-trace-0.0.10.tgz",
      "integrity": "sha1-VHxws0fo0ytOEI6hoqFZ5f3eGcA="
    },
    "statuses": {
      "version": "http://nexus01pr.aws.almundo.it:8081/repository/npm-all/statuses/-/statuses-1.5.0.tgz",
      "integrity": "sha1-Fhx9rBd2Wf2YEfQ3cfqZOBR4Yow="
    },
    "strip-ansi": {
      "version": "http://nexus01pr.aws.almundo.it:8081/repository/npm-all/strip-ansi/-/strip-ansi-0.1.1.tgz",
      "integrity": "sha1-OeipjQRNFQZgq+SmgIrPcLt7yZE="
    },
    "type-is": {
      "version": "http://nexus01pr.aws.almundo.it:8081/repository/npm-all/type-is/-/type-is-1.6.16.tgz",
      "integrity": "sha1-+JzjQVQcZysl7nrjxz3uOyvlAZQ=",
      "requires": {
        "media-typer": "http://nexus01pr.aws.almundo.it:8081/repository/npm-all/media-typer/-/media-typer-0.3.0.tgz",
        "mime-types": "http://nexus01pr.aws.almundo.it:8081/repository/npm-all/mime-types/-/mime-types-2.1.18.tgz"
      }
    },
    "unpipe": {
      "version": "http://nexus01pr.aws.almundo.it:8081/repository/npm-all/unpipe/-/unpipe-1.0.0.tgz",
      "integrity": "sha1-sr9O6FFKrmFltIF4KdIbLvSZBOw="
    },
    "utils-merge": {
      "version": "http://nexus01pr.aws.almundo.it:8081/repository/npm-all/utils-merge/-/utils-merge-1.0.1.tgz",
      "integrity": "sha1-n5VxD1CiZ5R7LMwSR0HBAoQn5xM="
    },
    "vary": {
      "version": "http://nexus01pr.aws.almundo.it:8081/repository/npm-all/vary/-/vary-1.1.2.tgz",
      "integrity": "sha1-IpnwLG3tMNSllhsLn3RSShj2NPw="
    },
    "winston": {
      "version": "http://nexus01pr.aws.almundo.it:8081/repository/npm-all/winston/-/winston-2.4.1.tgz",
      "integrity": "sha1-o6kmUQVWQmPGeFtFg7jIrKJv3tY=",
      "requires": {
        "async": "http://nexus01pr.aws.almundo.it:8081/repository/npm-all/async/-/async-1.0.0.tgz",
        "colors": "http://nexus01pr.aws.almundo.it:8081/repository/npm-all/colors/-/colors-1.0.3.tgz",
        "cycle": "http://nexus01pr.aws.almundo.it:8081/repository/npm-all/cycle/-/cycle-1.0.3.tgz",
        "eyes": "http://nexus01pr.aws.almundo.it:8081/repository/npm-all/eyes/-/eyes-0.1.8.tgz",
        "isstream": "https://registry.npmjs.org/isstream/-/isstream-0.1.2.tgz",
        "stack-trace": "http://nexus01pr.aws.almundo.it:8081/repository/npm-all/stack-trace/-/stack-trace-0.0.10.tgz"
      },
      "dependencies": {
        "async": {
          "version": "http://nexus01pr.aws.almundo.it:8081/repository/npm-all/async/-/async-1.0.0.tgz",
          "integrity": "sha1-+PwEyjoTeErenhZBr5hXjPvWR6k="
        }
      }
    },
    "wrappy": {
      "version": "https://registry.npmjs.org/wrappy/-/wrappy-1.0.2.tgz",
      "integrity": "sha1-tSQ9jz7BqjXxNkYFvA0QNuMKtp8="
    }
  }
}
